
Microsoft Visual Studio Solution File, Format Version 12.00
# Visual Studio 15
VisualStudioVersion = 15.0.28307.168
MinimumVisualStudioVersion = 10.0.40219.1
Project("{FAE04EC0-301F-11D3-BF4B-00C04F79EFBC}") = "Hdf5.net", "Hdf5.net\Hdf5.net.csproj", "{8624C1A5-B999-4D24-B309-12C32EC014C0}"
EndProject
Project("{FAE04EC0-301F-11D3-BF4B-00C04F79EFBC}") = "Hdf5.net.utest", "Hdf5.net.utest\Hdf5.net.utest.csproj", "{429C5A2C-628E-43BD-B31D-26A99D364779}"
EndProject
Project("{FAE04EC0-301F-11D3-BF4B-00C04F79EFBC}") = "common.Testing", "common.Testing\common.Testing.csproj", "{0154C653-7BAD-4842-9327-336BC6068ACD}"
EndProject
Global
	GlobalSection(SolutionConfigurationPlatforms) = preSolution
		Debug|Any CPU = Debug|Any CPU
		Release|Any CPU = Release|Any CPU
	EndGlobalSection
	GlobalSection(ProjectConfigurationPlatforms) = postSolution
		{8624C1A5-B999-4D24-B309-12C32EC014C0}.Debug|Any CPU.ActiveCfg = Debug|Any CPU
		{8624C1A5-B999-4D24-B309-12C32EC014C0}.Debug|Any CPU.Build.0 = Debug|Any CPU
		{8624C1A5-B999-4D24-B309-12C32EC014C0}.Release|Any CPU.ActiveCfg = Release|Any CPU
		{8624C1A5-B999-4D24-B309-12C32EC014C0}.Release|Any CPU.Build.0 = Release|Any CPU
		{429C5A2C-628E-43BD-B31D-26A99D364779}.Debug|Any CPU.ActiveCfg = Debug|Any CPU
		{429C5A2C-628E-43BD-B31D-26A99D364779}.Debug|Any CPU.Build.0 = Debug|Any CPU
		{429C5A2C-628E-43BD-B31D-26A99D364779}.Release|Any CPU.ActiveCfg = Release|Any CPU
		{429C5A2C-628E-43BD-B31D-26A99D364779}.Release|Any CPU.Build.0 = Release|Any CPU
		{0154C653-7BAD-4842-9327-336BC6068ACD}.Debug|Any CPU.ActiveCfg = Debug|Any CPU
		{0154C653-7BAD-4842-9327-336BC6068ACD}.Debug|Any CPU.Build.0 = Debug|Any CPU
		{0154C653-7BAD-4842-9327-336BC6068ACD}.Release|Any CPU.ActiveCfg = Release|Any CPU
		{0154C653-7BAD-4842-9327-336BC6068ACD}.Release|Any CPU.Build.0 = Release|Any CPU
	EndGlobalSection
	GlobalSection(SolutionProperties) = preSolution
		HideSolutionNode = FALSE
	EndGlobalSection
	GlobalSection(ExtensibilityGlobals) = postSolution
		SolutionGuid = {A0DD65A9-52B9-4583-89E4-C49BF5B9AA92}
	EndGlobalSection
EndGlobal
